
Microsoft Visual Studio Solution File, Format Version 12.00
# Visual Studio Version 17
VisualStudioVersion = 17.14.36915.13 d17.14
MinimumVisualStudioVersion = 10.0.40219.1
Project("{FAE04EC0-301F-11D3-BF4B-00C04F79EFBC}") = "Largest_of_three_numbers", "Largest_of_three_numbers.csproj", "{A222B049-F38F-4435-8049-323E60A988E0}"
EndProject
Global
	GlobalSection(SolutionConfigurationPlatforms) = preSolution
		Debug|Any CPU = Debug|Any CPU
		Release|Any CPU = Release|Any CPU
	EndGlobalSection
	GlobalSection(ProjectConfigurationPlatforms) = postSolution
		{A222B049-F38F-4435-8049-323E60A988E0}.Debug|Any CPU.ActiveCfg = Debug|Any CPU
		{A222B049-F38F-4435-8049-323E60A988E0}.Debug|Any CPU.Build.0 = Debug|Any CPU
		{A222B049-F38F-4435-8049-323E60A988E0}.Release|Any CPU.ActiveCfg = Release|Any CPU
		{A222B049-F38F-4435-8049-323E60A988E0}.Release|Any CPU.Build.0 = Release|Any CPU
	EndGlobalSection
	GlobalSection(SolutionProperties) = preSolution
		HideSolutionNode = FALSE
	EndGlobalSection
	GlobalSection(ExtensibilityGlobals) = postSolution
		SolutionGuid = {DFF3B645-D2AD-4414-91CB-F39A17426E56}
	EndGlobalSection
EndGlobal
