Microsoft Visual Studio Solution File, Format Version 12.00
# Visual Studio Version 17
VisualStudioVersion = 17.5.2.0
MinimumVisualStudioVersion = 10.0.40219.1
Project("{2150E333-8FDC-42A3-9474-1A3956D46DE8}") = "DAY_5_Oops", "DAY_5_Oops", "{B8EA6FA0-76A8-3D2C-299B-C2A589145AEF}"
EndProject
Project("{2150E333-8FDC-42A3-9474-1A3956D46DE8}") = "DAY_6_Oops", "DAY_6_Oops", "{DD3343E1-FAC7-9175-93F1-1E187D0D5742}"
EndProject
Project("{FAE04EC0-301F-11D3-BF4B-00C04F79EFBC}") = "Tax_Calculation", "DAY_5_Oops\Tax_Calculation\Tax_Calculation.csproj", "{79FC933D-0CA2-2D46-30AA-2FA098A4A010}"
EndProject
Project("{FAE04EC0-301F-11D3-BF4B-00C04F79EFBC}") = "Upi_Payments", "DAY_5_Oops\Upi_Payments\Upi_Payments.csproj", "{8536CF6F-26AB-04DD-92AC-56E68454A81F}"
EndProject
Project("{FAE04EC0-301F-11D3-BF4B-00C04F79EFBC}") = "InterfaceMain", "DAY_6_Oops\InterfaceMain\InterfaceMain.csproj", "{9D578396-64F4-3BC5-F0B7-73788CFA2EE1}"
EndProject
Project("{FAE04EC0-301F-11D3-BF4B-00C04F79EFBC}") = "Object_refrences", "DAY_6_Oops\Object_refrences\Object_refrences.csproj", "{10983A4A-ACBA-53DB-FC48-6160636B79B9}"
EndProject
Project("{FAE04EC0-301F-11D3-BF4B-00C04F79EFBC}") = "Question", "DAY_6_Oops\Question\Question.csproj", "{207915FC-1E22-4A46-35EC-F474C39BA767}"
EndProject
Project("{2150E333-8FDC-42A3-9474-1A3956D46DE8}") = "Libraries_refrences", "Libraries_refrences", "{7A72862D-560C-3E45-0E9F-D06D5EAB6EB7}"
EndProject
Project("{FAE04EC0-301F-11D3-BF4B-00C04F79EFBC}") = "Program", "DAY_5_Oops\Libraries_refrences\Program\Program.csproj", "{525D44D1-01B5-51DC-8A91-0D8B5F186D01}"
EndProject
Project("{2150E333-8FDC-42A3-9474-1A3956D46DE8}") = "Upi_Payments (1)", "Upi_Payments (1)", "{3935E71B-93CB-C6DA-64A6-B0DCFDCE9ED6}"
EndProject
Project("{FAE04EC0-301F-11D3-BF4B-00C04F79EFBC}") = "Payments", "DAY_5_Oops\Upi_Payments\Payments\Payments.csproj", "{82DA6D42-F19A-CEC5-B21A-928D6A47757E}"
EndProject
Project("{FAE04EC0-301F-11D3-BF4B-00C04F79EFBC}") = "upi", "DAY_5_Oops\Upi_Payments\upi\upi.csproj", "{1F3BA532-4984-E6AA-9849-8BA11A4A74A6}"
EndProject
Project("{2150E333-8FDC-42A3-9474-1A3956D46DE8}") = "InterfaceMain (1)", "InterfaceMain (1)", "{3B41809B-DE15-F5B1-51FF-FF89541ACB5E}"
EndProject
Project("{FAE04EC0-301F-11D3-BF4B-00C04F79EFBC}") = "Iprintable", "DAY_6_Oops\InterfaceMain\Iprintable\Iprintable.csproj", "{3F1DC3CD-E6E2-41AD-3E53-E5C9B24BBB72}"
EndProject
Project("{2150E333-8FDC-42A3-9474-1A3956D46DE8}") = "Object_refrences (1)", "Object_refrences (1)", "{9BF3D40F-E531-1B77-CC33-11A51BDB133E}"
EndProject
Project("{FAE04EC0-301F-11D3-BF4B-00C04F79EFBC}") = "Inheritance", "DAY_6_Oops\Object_refrences\Inheritance\Inheritance.csproj", "{707D2039-6FD3-7CA7-58A0-B96857C95265}"
EndProject
Project("{2150E333-8FDC-42A3-9474-1A3956D46DE8}") = "Question (1)", "Question (1)", "{F370D39F-084D-9EBF-23CD-7B13847F7A3B}"
EndProject
Project("{FAE04EC0-301F-11D3-BF4B-00C04F79EFBC}") = "Employee", "DAY_6_Oops\Question\Employee\Employee.csproj", "{D4096AF3-169D-E1AC-4215-F37663ABBCC7}"
EndProject
Project("{2150E333-8FDC-42A3-9474-1A3956D46DE8}") = "Program (1)", "Program (1)", "{B669C9C4-AF60-E575-9D24-101C84FF7511}"
EndProject
Project("{FAE04EC0-301F-11D3-BF4B-00C04F79EFBC}") = "CommonLib", "DAY_5_Oops\Libraries_refrences\Program\CommonLib\CommonLib.csproj", "{9FECEAED-D60D-AD97-7F95-DE762F427A73}"
EndProject
Project("{FAE04EC0-301F-11D3-BF4B-00C04F79EFBC}") = "MathsLib", "DAY_5_Oops\Libraries_refrences\Program\MathsLib\MathsLib.csproj", "{17D3298D-019D-EC49-AE45-ECF30AE3ED3E}"
EndProject
Project("{FAE04EC0-301F-11D3-BF4B-00C04F79EFBC}") = "ScienceLib", "DAY_5_Oops\Libraries_refrences\Program\ScienceLib\ScienceLib.csproj", "{4886EF9E-B25A-1284-0DF3-A9FD854ADAC4}"
EndProject
Global
	GlobalSection(SolutionConfigurationPlatforms) = preSolution
		Debug|Any CPU = Debug|Any CPU
		Release|Any CPU = Release|Any CPU
	EndGlobalSection
	GlobalSection(ProjectConfigurationPlatforms) = postSolution
		{79FC933D-0CA2-2D46-30AA-2FA098A4A010}.Debug|Any CPU.ActiveCfg = Debug|Any CPU
		{79FC933D-0CA2-2D46-30AA-2FA098A4A010}.Debug|Any CPU.Build.0 = Debug|Any CPU
		{79FC933D-0CA2-2D46-30AA-2FA098A4A010}.Release|Any CPU.ActiveCfg = Release|Any CPU
		{79FC933D-0CA2-2D46-30AA-2FA098A4A010}.Release|Any CPU.Build.0 = Release|Any CPU
		{8536CF6F-26AB-04DD-92AC-56E68454A81F}.Debug|Any CPU.ActiveCfg = Debug|Any CPU
		{8536CF6F-26AB-04DD-92AC-56E68454A81F}.Debug|Any CPU.Build.0 = Debug|Any CPU
		{8536CF6F-26AB-04DD-92AC-56E68454A81F}.Release|Any CPU.ActiveCfg = Release|Any CPU
		{8536CF6F-26AB-04DD-92AC-56E68454A81F}.Release|Any CPU.Build.0 = Release|Any CPU
		{9D578396-64F4-3BC5-F0B7-73788CFA2EE1}.Debug|Any CPU.ActiveCfg = Debug|Any CPU
		{9D578396-64F4-3BC5-F0B7-73788CFA2EE1}.Debug|Any CPU.Build.0 = Debug|Any CPU
		{9D578396-64F4-3BC5-F0B7-73788CFA2EE1}.Release|Any CPU.ActiveCfg = Release|Any CPU
		{9D578396-64F4-3BC5-F0B7-73788CFA2EE1}.Release|Any CPU.Build.0 = Release|Any CPU
		{10983A4A-ACBA-53DB-FC48-6160636B79B9}.Debug|Any CPU.ActiveCfg = Debug|Any CPU
		{10983A4A-ACBA-53DB-FC48-6160636B79B9}.Debug|Any CPU.Build.0 = Debug|Any CPU
		{10983A4A-ACBA-53DB-FC48-6160636B79B9}.Release|Any CPU.ActiveCfg = Release|Any CPU
		{10983A4A-ACBA-53DB-FC48-6160636B79B9}.Release|Any CPU.Build.0 = Release|Any CPU
		{207915FC-1E22-4A46-35EC-F474C39BA767}.Debug|Any CPU.ActiveCfg = Debug|Any CPU
		{207915FC-1E22-4A46-35EC-F474C39BA767}.Debug|Any CPU.Build.0 = Debug|Any CPU
		{207915FC-1E22-4A46-35EC-F474C39BA767}.Release|Any CPU.ActiveCfg = Release|Any CPU
		{207915FC-1E22-4A46-35EC-F474C39BA767}.Release|Any CPU.Build.0 = Release|Any CPU
		{525D44D1-01B5-51DC-8A91-0D8B5F186D01}.Debug|Any CPU.ActiveCfg = Debug|Any CPU
		{525D44D1-01B5-51DC-8A91-0D8B5F186D01}.Debug|Any CPU.Build.0 = Debug|Any CPU
		{525D44D1-01B5-51DC-8A91-0D8B5F186D01}.Release|Any CPU.ActiveCfg = Release|Any CPU
		{525D44D1-01B5-51DC-8A91-0D8B5F186D01}.Release|Any CPU.Build.0 = Release|Any CPU
		{82DA6D42-F19A-CEC5-B21A-928D6A47757E}.Debug|Any CPU.ActiveCfg = Debug|Any CPU
		{82DA6D42-F19A-CEC5-B21A-928D6A47757E}.Debug|Any CPU.Build.0 = Debug|Any CPU
		{82DA6D42-F19A-CEC5-B21A-928D6A47757E}.Release|Any CPU.ActiveCfg = Release|Any CPU
		{82DA6D42-F19A-CEC5-B21A-928D6A47757E}.Release|Any CPU.Build.0 = Release|Any CPU
		{1F3BA532-4984-E6AA-9849-8BA11A4A74A6}.Debug|Any CPU.ActiveCfg = Debug|Any CPU
		{1F3BA532-4984-E6AA-9849-8BA11A4A74A6}.Debug|Any CPU.Build.0 = Debug|Any CPU
		{1F3BA532-4984-E6AA-9849-8BA11A4A74A6}.Release|Any CPU.ActiveCfg = Release|Any CPU
		{1F3BA532-4984-E6AA-9849-8BA11A4A74A6}.Release|Any CPU.Build.0 = Release|Any CPU
		{3F1DC3CD-E6E2-41AD-3E53-E5C9B24BBB72}.Debug|Any CPU.ActiveCfg = Debug|Any CPU
		{3F1DC3CD-E6E2-41AD-3E53-E5C9B24BBB72}.Debug|Any CPU.Build.0 = Debug|Any CPU
		{3F1DC3CD-E6E2-41AD-3E53-E5C9B24BBB72}.Release|Any CPU.ActiveCfg = Release|Any CPU
		{3F1DC3CD-E6E2-41AD-3E53-E5C9B24BBB72}.Release|Any CPU.Build.0 = Release|Any CPU
		{707D2039-6FD3-7CA7-58A0-B96857C95265}.Debug|Any CPU.ActiveCfg = Debug|Any CPU
		{707D2039-6FD3-7CA7-58A0-B96857C95265}.Debug|Any CPU.Build.0 = Debug|Any CPU
		{707D2039-6FD3-7CA7-58A0-B96857C95265}.Release|Any CPU.ActiveCfg = Release|Any CPU
		{707D2039-6FD3-7CA7-58A0-B96857C95265}.Release|Any CPU.Build.0 = Release|Any CPU
		{D4096AF3-169D-E1AC-4215-F37663ABBCC7}.Debug|Any CPU.ActiveCfg = Debug|Any CPU
		{D4096AF3-169D-E1AC-4215-F37663ABBCC7}.Debug|Any CPU.Build.0 = Debug|Any CPU
		{D4096AF3-169D-E1AC-4215-F37663ABBCC7}.Release|Any CPU.ActiveCfg = Release|Any CPU
		{D4096AF3-169D-E1AC-4215-F37663ABBCC7}.Release|Any CPU.Build.0 = Release|Any CPU
		{9FECEAED-D60D-AD97-7F95-DE762F427A73}.Debug|Any CPU.ActiveCfg = Debug|Any CPU
		{9FECEAED-D60D-AD97-7F95-DE762F427A73}.Debug|Any CPU.Build.0 = Debug|Any CPU
		{9FECEAED-D60D-AD97-7F95-DE762F427A73}.Release|Any CPU.ActiveCfg = Release|Any CPU
		{9FECEAED-D60D-AD97-7F95-DE762F427A73}.Release|Any CPU.Build.0 = Release|Any CPU
		{17D3298D-019D-EC49-AE45-ECF30AE3ED3E}.Debug|Any CPU.ActiveCfg = Debug|Any CPU
		{17D3298D-019D-EC49-AE45-ECF30AE3ED3E}.Debug|Any CPU.Build.0 = Debug|Any CPU
		{17D3298D-019D-EC49-AE45-ECF30AE3ED3E}.Release|Any CPU.ActiveCfg = Release|Any CPU
		{17D3298D-019D-EC49-AE45-ECF30AE3ED3E}.Release|Any CPU.Build.0 = Release|Any CPU
		{4886EF9E-B25A-1284-0DF3-A9FD854ADAC4}.Debug|Any CPU.ActiveCfg = Debug|Any CPU
		{4886EF9E-B25A-1284-0DF3-A9FD854ADAC4}.Debug|Any CPU.Build.0 = Debug|Any CPU
		{4886EF9E-B25A-1284-0DF3-A9FD854ADAC4}.Release|Any CPU.ActiveCfg = Release|Any CPU
		{4886EF9E-B25A-1284-0DF3-A9FD854ADAC4}.Release|Any CPU.Build.0 = Release|Any CPU
	EndGlobalSection
	GlobalSection(SolutionProperties) = preSolution
		HideSolutionNode = FALSE
	EndGlobalSection
	GlobalSection(NestedProjects) = preSolution
		{79FC933D-0CA2-2D46-30AA-2FA098A4A010} = {B8EA6FA0-76A8-3D2C-299B-C2A589145AEF}
		{8536CF6F-26AB-04DD-92AC-56E68454A81F} = {B8EA6FA0-76A8-3D2C-299B-C2A589145AEF}
		{9D578396-64F4-3BC5-F0B7-73788CFA2EE1} = {DD3343E1-FAC7-9175-93F1-1E187D0D5742}
		{10983A4A-ACBA-53DB-FC48-6160636B79B9} = {DD3343E1-FAC7-9175-93F1-1E187D0D5742}
		{207915FC-1E22-4A46-35EC-F474C39BA767} = {DD3343E1-FAC7-9175-93F1-1E187D0D5742}
		{7A72862D-560C-3E45-0E9F-D06D5EAB6EB7} = {B8EA6FA0-76A8-3D2C-299B-C2A589145AEF}
		{525D44D1-01B5-51DC-8A91-0D8B5F186D01} = {7A72862D-560C-3E45-0E9F-D06D5EAB6EB7}
		{3935E71B-93CB-C6DA-64A6-B0DCFDCE9ED6} = {B8EA6FA0-76A8-3D2C-299B-C2A589145AEF}
		{82DA6D42-F19A-CEC5-B21A-928D6A47757E} = {3935E71B-93CB-C6DA-64A6-B0DCFDCE9ED6}
		{1F3BA532-4984-E6AA-9849-8BA11A4A74A6} = {3935E71B-93CB-C6DA-64A6-B0DCFDCE9ED6}
		{3B41809B-DE15-F5B1-51FF-FF89541ACB5E} = {DD3343E1-FAC7-9175-93F1-1E187D0D5742}
		{3F1DC3CD-E6E2-41AD-3E53-E5C9B24BBB72} = {3B41809B-DE15-F5B1-51FF-FF89541ACB5E}
		{9BF3D40F-E531-1B77-CC33-11A51BDB133E} = {DD3343E1-FAC7-9175-93F1-1E187D0D5742}
		{707D2039-6FD3-7CA7-58A0-B96857C95265} = {9BF3D40F-E531-1B77-CC33-11A51BDB133E}
		{F370D39F-084D-9EBF-23CD-7B13847F7A3B} = {DD3343E1-FAC7-9175-93F1-1E187D0D5742}
		{D4096AF3-169D-E1AC-4215-F37663ABBCC7} = {F370D39F-084D-9EBF-23CD-7B13847F7A3B}
		{B669C9C4-AF60-E575-9D24-101C84FF7511} = {7A72862D-560C-3E45-0E9F-D06D5EAB6EB7}
		{9FECEAED-D60D-AD97-7F95-DE762F427A73} = {B669C9C4-AF60-E575-9D24-101C84FF7511}
		{17D3298D-019D-EC49-AE45-ECF30AE3ED3E} = {B669C9C4-AF60-E575-9D24-101C84FF7511}
		{4886EF9E-B25A-1284-0DF3-A9FD854ADAC4} = {B669C9C4-AF60-E575-9D24-101C84FF7511}
	EndGlobalSection
	GlobalSection(ExtensibilityGlobals) = postSolution
		SolutionGuid = {E87F8B77-62D0-4EA5-A574-4A503F88C2B7}
	EndGlobalSection
EndGlobal
