
Microsoft Visual Studio Solution File, Format Version 12.00
# Visual Studio Version 17
VisualStudioVersion = 17.14.36915.13 d17.14
MinimumVisualStudioVersion = 10.0.40219.1
Project("{FAE04EC0-301F-11D3-BF4B-00C04F79EFBC}") = "ConsoleApp1", "ConsoleApp1.csproj", "{B9F17454-9C71-4D44-B65C-D728A0E1098A}"
EndProject
Project("{FAE04EC0-301F-11D3-BF4B-00C04F79EFBC}") = "TestProject1", "..\TestProject1\TestProject1.csproj", "{3E5B07DE-6449-4D2A-B607-B7051E737D6F}"
EndProject
Project("{FAE04EC0-301F-11D3-BF4B-00C04F79EFBC}") = "EmployeeServices", "..\..\EmployeeServices\EmployeeServices.csproj", "{10E3D3A8-D358-42DF-A04C-908E74EEE026}"
EndProject
Project("{FAE04EC0-301F-11D3-BF4B-00C04F79EFBC}") = "TestProject2", "..\TestProject2\TestProject2.csproj", "{BD632DCE-4B72-49F4-A9F1-41D3F7F738BF}"
	ProjectSection(ProjectDependencies) = postProject
		{10E3D3A8-D358-42DF-A04C-908E74EEE026} = {10E3D3A8-D358-42DF-A04C-908E74EEE026}
	EndProjectSection
EndProject
Global
	GlobalSection(SolutionConfigurationPlatforms) = preSolution
		Debug|Any CPU = Debug|Any CPU
		Release|Any CPU = Release|Any CPU
	EndGlobalSection
	GlobalSection(ProjectConfigurationPlatforms) = postSolution
		{B9F17454-9C71-4D44-B65C-D728A0E1098A}.Debug|Any CPU.ActiveCfg = Debug|Any CPU
		{B9F17454-9C71-4D44-B65C-D728A0E1098A}.Debug|Any CPU.Build.0 = Debug|Any CPU
		{B9F17454-9C71-4D44-B65C-D728A0E1098A}.Release|Any CPU.ActiveCfg = Release|Any CPU
		{B9F17454-9C71-4D44-B65C-D728A0E1098A}.Release|Any CPU.Build.0 = Release|Any CPU
		{3E5B07DE-6449-4D2A-B607-B7051E737D6F}.Debug|Any CPU.ActiveCfg = Debug|Any CPU
		{3E5B07DE-6449-4D2A-B607-B7051E737D6F}.Debug|Any CPU.Build.0 = Debug|Any CPU
		{3E5B07DE-6449-4D2A-B607-B7051E737D6F}.Release|Any CPU.ActiveCfg = Release|Any CPU
		{3E5B07DE-6449-4D2A-B607-B7051E737D6F}.Release|Any CPU.Build.0 = Release|Any CPU
		{10E3D3A8-D358-42DF-A04C-908E74EEE026}.Debug|Any CPU.ActiveCfg = Debug|Any CPU
		{10E3D3A8-D358-42DF-A04C-908E74EEE026}.Debug|Any CPU.Build.0 = Debug|Any CPU
		{10E3D3A8-D358-42DF-A04C-908E74EEE026}.Release|Any CPU.ActiveCfg = Release|Any CPU
		{10E3D3A8-D358-42DF-A04C-908E74EEE026}.Release|Any CPU.Build.0 = Release|Any CPU
		{BD632DCE-4B72-49F4-A9F1-41D3F7F738BF}.Debug|Any CPU.ActiveCfg = Debug|Any CPU
		{BD632DCE-4B72-49F4-A9F1-41D3F7F738BF}.Debug|Any CPU.Build.0 = Debug|Any CPU
		{BD632DCE-4B72-49F4-A9F1-41D3F7F738BF}.Release|Any CPU.ActiveCfg = Release|Any CPU
		{BD632DCE-4B72-49F4-A9F1-41D3F7F738BF}.Release|Any CPU.Build.0 = Release|Any CPU
	EndGlobalSection
	GlobalSection(SolutionProperties) = preSolution
		HideSolutionNode = FALSE
	EndGlobalSection
	GlobalSection(ExtensibilityGlobals) = postSolution
		SolutionGuid = {3EB358D6-E019-4570-95D5-C63BCA0533EF}
	EndGlobalSection
EndGlobal
