
Microsoft Visual Studio Solution File, Format Version 12.00
# Visual Studio Version 17
VisualStudioVersion = 17.14.36915.13 d17.14
MinimumVisualStudioVersion = 10.0.40219.1
Project("{FAE04EC0-301F-11D3-BF4B-00C04F79EFBC}") = "FlipKey", "FlipKey.csproj", "{4FB3C8BB-71D2-4F7E-AB70-62A09C98211E}"
EndProject
Project("{FAE04EC0-301F-11D3-BF4B-00C04F79EFBC}") = "Robot_Hazard_Analyser", "..\Robot_Hazard_Analyser\Robot_Hazard_Analyser.csproj", "{4F0ECFE9-8A08-4C6D-8F1E-DA993DA6343D}"
EndProject
Global
	GlobalSection(SolutionConfigurationPlatforms) = preSolution
		Debug|Any CPU = Debug|Any CPU
		Release|Any CPU = Release|Any CPU
	EndGlobalSection
	GlobalSection(ProjectConfigurationPlatforms) = postSolution
		{4FB3C8BB-71D2-4F7E-AB70-62A09C98211E}.Debug|Any CPU.ActiveCfg = Debug|Any CPU
		{4FB3C8BB-71D2-4F7E-AB70-62A09C98211E}.Debug|Any CPU.Build.0 = Debug|Any CPU
		{4FB3C8BB-71D2-4F7E-AB70-62A09C98211E}.Release|Any CPU.ActiveCfg = Release|Any CPU
		{4FB3C8BB-71D2-4F7E-AB70-62A09C98211E}.Release|Any CPU.Build.0 = Release|Any CPU
		{4F0ECFE9-8A08-4C6D-8F1E-DA993DA6343D}.Debug|Any CPU.ActiveCfg = Debug|Any CPU
		{4F0ECFE9-8A08-4C6D-8F1E-DA993DA6343D}.Debug|Any CPU.Build.0 = Debug|Any CPU
		{4F0ECFE9-8A08-4C6D-8F1E-DA993DA6343D}.Release|Any CPU.ActiveCfg = Release|Any CPU
		{4F0ECFE9-8A08-4C6D-8F1E-DA993DA6343D}.Release|Any CPU.Build.0 = Release|Any CPU
	EndGlobalSection
	GlobalSection(SolutionProperties) = preSolution
		HideSolutionNode = FALSE
	EndGlobalSection
	GlobalSection(ExtensibilityGlobals) = postSolution
		SolutionGuid = {001B1148-CC64-4F0E-9980-AA4B10BCF6FD}
	EndGlobalSection
EndGlobal
