
Microsoft Visual Studio Solution File, Format Version 12.00
# Visual Studio Version 17
VisualStudioVersion = 17.14.36915.13 d17.14
MinimumVisualStudioVersion = 10.0.40219.1
Project("{FAE04EC0-301F-11D3-BF4B-00C04F79EFBC}") = "E_Commerce_Cart_Consolidation", "E_Commerce_Cart_Consolidation.csproj", "{13E6282F-96B4-42BF-8188-BF639AFB93BD}"
EndProject
Project("{FAE04EC0-301F-11D3-BF4B-00C04F79EFBC}") = "Attendance_FirstUniqueEntry", "..\Attendance_FirstUniqueEntry\Attendance_FirstUniqueEntry.csproj", "{7019B106-5228-4D58-81E2-4D9A9612C94C}"
EndProject
Project("{FAE04EC0-301F-11D3-BF4B-00C04F79EFBC}") = "Leaderboard_Topk", "..\Leaderboard_Topk\Leaderboard_Topk.csproj", "{13246ACC-0E94-4AB6-A3A2-A168ACD62785}"
EndProject
Project("{FAE04EC0-301F-11D3-BF4B-00C04F79EFBC}") = "MetroTicketing", "..\MetroTicketing\MetroTicketing.csproj", "{2B8E7F57-C947-48F5-9D7A-0D0A9539EED9}"
EndProject
Project("{FAE04EC0-301F-11D3-BF4B-00C04F79EFBC}") = "Undo_Feature", "..\Undo_Feature\Undo_Feature.csproj", "{3D1EE0DA-E371-4993-B659-2B15811A1F1C}"
EndProject
Project("{FAE04EC0-301F-11D3-BF4B-00C04F79EFBC}") = "Customer_Support", "..\Customer_Support\Customer_Support.csproj", "{04A24A5C-2629-42F1-BCB6-A332CA3A3B04}"
EndProject
Project("{FAE04EC0-301F-11D3-BF4B-00C04F79EFBC}") = "BankStatement", "..\BankStatement\BankStatement.csproj", "{D9F5DFDC-CEBF-4C3B-B867-CA3847F2DDA0}"
EndProject
Project("{FAE04EC0-301F-11D3-BF4B-00C04F79EFBC}") = "Inventory", "..\Inventory\Inventory.csproj", "{ABA7FBE6-DE2F-4DA1-9B8C-D9EAFB1B6B70}"
EndProject
Project("{FAE04EC0-301F-11D3-BF4B-00C04F79EFBC}") = "SeatAllocator", "..\SeatAllocator\SeatAllocator.csproj", "{74CDABF5-CABD-4302-A5B1-34B1E318785C}"
EndProject
Project("{FAE04EC0-301F-11D3-BF4B-00C04F79EFBC}") = "LogAnalyzer", "..\LogAnalyzer\LogAnalyzer.csproj", "{FC29C991-51B8-4944-9777-9A884723C231}"
EndProject
Global
	GlobalSection(SolutionConfigurationPlatforms) = preSolution
		Debug|Any CPU = Debug|Any CPU
		Release|Any CPU = Release|Any CPU
	EndGlobalSection
	GlobalSection(ProjectConfigurationPlatforms) = postSolution
		{13E6282F-96B4-42BF-8188-BF639AFB93BD}.Debug|Any CPU.ActiveCfg = Debug|Any CPU
		{13E6282F-96B4-42BF-8188-BF639AFB93BD}.Debug|Any CPU.Build.0 = Debug|Any CPU
		{13E6282F-96B4-42BF-8188-BF639AFB93BD}.Release|Any CPU.ActiveCfg = Release|Any CPU
		{13E6282F-96B4-42BF-8188-BF639AFB93BD}.Release|Any CPU.Build.0 = Release|Any CPU
		{7019B106-5228-4D58-81E2-4D9A9612C94C}.Debug|Any CPU.ActiveCfg = Debug|Any CPU
		{7019B106-5228-4D58-81E2-4D9A9612C94C}.Debug|Any CPU.Build.0 = Debug|Any CPU
		{7019B106-5228-4D58-81E2-4D9A9612C94C}.Release|Any CPU.ActiveCfg = Release|Any CPU
		{7019B106-5228-4D58-81E2-4D9A9612C94C}.Release|Any CPU.Build.0 = Release|Any CPU
		{13246ACC-0E94-4AB6-A3A2-A168ACD62785}.Debug|Any CPU.ActiveCfg = Debug|Any CPU
		{13246ACC-0E94-4AB6-A3A2-A168ACD62785}.Debug|Any CPU.Build.0 = Debug|Any CPU
		{13246ACC-0E94-4AB6-A3A2-A168ACD62785}.Release|Any CPU.ActiveCfg = Release|Any CPU
		{13246ACC-0E94-4AB6-A3A2-A168ACD62785}.Release|Any CPU.Build.0 = Release|Any CPU
		{2B8E7F57-C947-48F5-9D7A-0D0A9539EED9}.Debug|Any CPU.ActiveCfg = Debug|Any CPU
		{2B8E7F57-C947-48F5-9D7A-0D0A9539EED9}.Debug|Any CPU.Build.0 = Debug|Any CPU
		{2B8E7F57-C947-48F5-9D7A-0D0A9539EED9}.Release|Any CPU.ActiveCfg = Release|Any CPU
		{2B8E7F57-C947-48F5-9D7A-0D0A9539EED9}.Release|Any CPU.Build.0 = Release|Any CPU
		{3D1EE0DA-E371-4993-B659-2B15811A1F1C}.Debug|Any CPU.ActiveCfg = Debug|Any CPU
		{3D1EE0DA-E371-4993-B659-2B15811A1F1C}.Debug|Any CPU.Build.0 = Debug|Any CPU
		{3D1EE0DA-E371-4993-B659-2B15811A1F1C}.Release|Any CPU.ActiveCfg = Release|Any CPU
		{3D1EE0DA-E371-4993-B659-2B15811A1F1C}.Release|Any CPU.Build.0 = Release|Any CPU
		{04A24A5C-2629-42F1-BCB6-A332CA3A3B04}.Debug|Any CPU.ActiveCfg = Debug|Any CPU
		{04A24A5C-2629-42F1-BCB6-A332CA3A3B04}.Debug|Any CPU.Build.0 = Debug|Any CPU
		{04A24A5C-2629-42F1-BCB6-A332CA3A3B04}.Release|Any CPU.ActiveCfg = Release|Any CPU
		{04A24A5C-2629-42F1-BCB6-A332CA3A3B04}.Release|Any CPU.Build.0 = Release|Any CPU
		{D9F5DFDC-CEBF-4C3B-B867-CA3847F2DDA0}.Debug|Any CPU.ActiveCfg = Debug|Any CPU
		{D9F5DFDC-CEBF-4C3B-B867-CA3847F2DDA0}.Debug|Any CPU.Build.0 = Debug|Any CPU
		{D9F5DFDC-CEBF-4C3B-B867-CA3847F2DDA0}.Release|Any CPU.ActiveCfg = Release|Any CPU
		{D9F5DFDC-CEBF-4C3B-B867-CA3847F2DDA0}.Release|Any CPU.Build.0 = Release|Any CPU
		{ABA7FBE6-DE2F-4DA1-9B8C-D9EAFB1B6B70}.Debug|Any CPU.ActiveCfg = Debug|Any CPU
		{ABA7FBE6-DE2F-4DA1-9B8C-D9EAFB1B6B70}.Debug|Any CPU.Build.0 = Debug|Any CPU
		{ABA7FBE6-DE2F-4DA1-9B8C-D9EAFB1B6B70}.Release|Any CPU.ActiveCfg = Release|Any CPU
		{ABA7FBE6-DE2F-4DA1-9B8C-D9EAFB1B6B70}.Release|Any CPU.Build.0 = Release|Any CPU
		{74CDABF5-CABD-4302-A5B1-34B1E318785C}.Debug|Any CPU.ActiveCfg = Debug|Any CPU
		{74CDABF5-CABD-4302-A5B1-34B1E318785C}.Debug|Any CPU.Build.0 = Debug|Any CPU
		{74CDABF5-CABD-4302-A5B1-34B1E318785C}.Release|Any CPU.ActiveCfg = Release|Any CPU
		{74CDABF5-CABD-4302-A5B1-34B1E318785C}.Release|Any CPU.Build.0 = Release|Any CPU
		{FC29C991-51B8-4944-9777-9A884723C231}.Debug|Any CPU.ActiveCfg = Debug|Any CPU
		{FC29C991-51B8-4944-9777-9A884723C231}.Debug|Any CPU.Build.0 = Debug|Any CPU
		{FC29C991-51B8-4944-9777-9A884723C231}.Release|Any CPU.ActiveCfg = Release|Any CPU
		{FC29C991-51B8-4944-9777-9A884723C231}.Release|Any CPU.Build.0 = Release|Any CPU
	EndGlobalSection
	GlobalSection(SolutionProperties) = preSolution
		HideSolutionNode = FALSE
	EndGlobalSection
	GlobalSection(ExtensibilityGlobals) = postSolution
		SolutionGuid = {4739A11F-064C-459D-B970-03319D71E545}
	EndGlobalSection
EndGlobal
