
Microsoft Visual Studio Solution File, Format Version 12.00
# Visual Studio Version 17
VisualStudioVersion = 17.14.36915.13 d17.14
MinimumVisualStudioVersion = 10.0.40219.1
Project("{FAE04EC0-301F-11D3-BF4B-00C04F79EFBC}") = "ConsoleApp1", "ConsoleApp1.csproj", "{ADF681E4-A5CA-4F2D-BD53-26488D41C9A4}"
EndProject
Project("{FAE04EC0-301F-11D3-BF4B-00C04F79EFBC}") = "Diff_delegates", "..\Diff_delegates\Diff_delegates.csproj", "{F8118C54-2BDC-4AB5-B4A8-3557E81A23D7}"
EndProject
Global
	GlobalSection(SolutionConfigurationPlatforms) = preSolution
		Debug|Any CPU = Debug|Any CPU
		Release|Any CPU = Release|Any CPU
	EndGlobalSection
	GlobalSection(ProjectConfigurationPlatforms) = postSolution
		{ADF681E4-A5CA-4F2D-BD53-26488D41C9A4}.Debug|Any CPU.ActiveCfg = Debug|Any CPU
		{ADF681E4-A5CA-4F2D-BD53-26488D41C9A4}.Debug|Any CPU.Build.0 = Debug|Any CPU
		{ADF681E4-A5CA-4F2D-BD53-26488D41C9A4}.Release|Any CPU.ActiveCfg = Release|Any CPU
		{ADF681E4-A5CA-4F2D-BD53-26488D41C9A4}.Release|Any CPU.Build.0 = Release|Any CPU
		{F8118C54-2BDC-4AB5-B4A8-3557E81A23D7}.Debug|Any CPU.ActiveCfg = Debug|Any CPU
		{F8118C54-2BDC-4AB5-B4A8-3557E81A23D7}.Debug|Any CPU.Build.0 = Debug|Any CPU
		{F8118C54-2BDC-4AB5-B4A8-3557E81A23D7}.Release|Any CPU.ActiveCfg = Release|Any CPU
		{F8118C54-2BDC-4AB5-B4A8-3557E81A23D7}.Release|Any CPU.Build.0 = Release|Any CPU
	EndGlobalSection
	GlobalSection(SolutionProperties) = preSolution
		HideSolutionNode = FALSE
	EndGlobalSection
	GlobalSection(ExtensibilityGlobals) = postSolution
		SolutionGuid = {5FFC9C63-6481-4270-9BE7-77059A997B88}
	EndGlobalSection
EndGlobal
