
Microsoft Visual Studio Solution File, Format Version 12.00
# Visual Studio Version 17
VisualStudioVersion = 17.14.36915.13 d17.14
MinimumVisualStudioVersion = 10.0.40219.1
Project("{FAE04EC0-301F-11D3-BF4B-00C04F79EFBC}") = "Movie_Theater_booking_system", "Movie_Theater_booking_system.csproj", "{8D1EDE63-605E-48A9-8C06-24D8A1B1A7B2}"
EndProject
Project("{FAE04EC0-301F-11D3-BF4B-00C04F79EFBC}") = "Gym_Membership_Management", "..\Gym_Membership_Management\Gym_Membership_Management.csproj", "{4F8C5FF8-8F91-4C8B-A579-607DE4E80FC5}"
EndProject
Project("{FAE04EC0-301F-11D3-BF4B-00C04F79EFBC}") = "Car_Rental_Agency", "..\Car_Rental_Agency\Car_Rental_Agency.csproj", "{4B8B2A19-C366-49C2-B909-96B6C5B1AE48}"
EndProject
Global
	GlobalSection(SolutionConfigurationPlatforms) = preSolution
		Debug|Any CPU = Debug|Any CPU
		Release|Any CPU = Release|Any CPU
	EndGlobalSection
	GlobalSection(ProjectConfigurationPlatforms) = postSolution
		{8D1EDE63-605E-48A9-8C06-24D8A1B1A7B2}.Debug|Any CPU.ActiveCfg = Debug|Any CPU
		{8D1EDE63-605E-48A9-8C06-24D8A1B1A7B2}.Debug|Any CPU.Build.0 = Debug|Any CPU
		{8D1EDE63-605E-48A9-8C06-24D8A1B1A7B2}.Release|Any CPU.ActiveCfg = Release|Any CPU
		{8D1EDE63-605E-48A9-8C06-24D8A1B1A7B2}.Release|Any CPU.Build.0 = Release|Any CPU
		{4F8C5FF8-8F91-4C8B-A579-607DE4E80FC5}.Debug|Any CPU.ActiveCfg = Debug|Any CPU
		{4F8C5FF8-8F91-4C8B-A579-607DE4E80FC5}.Debug|Any CPU.Build.0 = Debug|Any CPU
		{4F8C5FF8-8F91-4C8B-A579-607DE4E80FC5}.Release|Any CPU.ActiveCfg = Release|Any CPU
		{4F8C5FF8-8F91-4C8B-A579-607DE4E80FC5}.Release|Any CPU.Build.0 = Release|Any CPU
		{4B8B2A19-C366-49C2-B909-96B6C5B1AE48}.Debug|Any CPU.ActiveCfg = Debug|Any CPU
		{4B8B2A19-C366-49C2-B909-96B6C5B1AE48}.Debug|Any CPU.Build.0 = Debug|Any CPU
		{4B8B2A19-C366-49C2-B909-96B6C5B1AE48}.Release|Any CPU.ActiveCfg = Release|Any CPU
		{4B8B2A19-C366-49C2-B909-96B6C5B1AE48}.Release|Any CPU.Build.0 = Release|Any CPU
	EndGlobalSection
	GlobalSection(SolutionProperties) = preSolution
		HideSolutionNode = FALSE
	EndGlobalSection
	GlobalSection(ExtensibilityGlobals) = postSolution
		SolutionGuid = {D8D539E5-4176-4107-9D28-51F4C41D9C98}
	EndGlobalSection
EndGlobal
