
Microsoft Visual Studio Solution File, Format Version 12.00
# Visual Studio Version 17
VisualStudioVersion = 17.14.36915.13 d17.14
MinimumVisualStudioVersion = 10.0.40219.1
Project("{FAE04EC0-301F-11D3-BF4B-00C04F79EFBC}") = "Fetching_info_using_async", "Fetching_info_using_async.csproj", "{CFBD77DB-2D5D-4A26-8EDA-CD3DD66C2689}"
EndProject
Global
	GlobalSection(SolutionConfigurationPlatforms) = preSolution
		Debug|Any CPU = Debug|Any CPU
		Release|Any CPU = Release|Any CPU
	EndGlobalSection
	GlobalSection(ProjectConfigurationPlatforms) = postSolution
		{CFBD77DB-2D5D-4A26-8EDA-CD3DD66C2689}.Debug|Any CPU.ActiveCfg = Debug|Any CPU
		{CFBD77DB-2D5D-4A26-8EDA-CD3DD66C2689}.Debug|Any CPU.Build.0 = Debug|Any CPU
		{CFBD77DB-2D5D-4A26-8EDA-CD3DD66C2689}.Release|Any CPU.ActiveCfg = Release|Any CPU
		{CFBD77DB-2D5D-4A26-8EDA-CD3DD66C2689}.Release|Any CPU.Build.0 = Release|Any CPU
	EndGlobalSection
	GlobalSection(SolutionProperties) = preSolution
		HideSolutionNode = FALSE
	EndGlobalSection
	GlobalSection(ExtensibilityGlobals) = postSolution
		SolutionGuid = {40BD9D9C-5D08-429D-95B2-7DCC99B945DC}
	EndGlobalSection
EndGlobal
