
Microsoft Visual Studio Solution File, Format Version 12.00
# Visual Studio Version 17
VisualStudioVersion = 17.14.36915.13 d17.14
MinimumVisualStudioVersion = 10.0.40219.1
Project("{FAE04EC0-301F-11D3-BF4B-00C04F79EFBC}") = "File_Reading_with_Resource_Safety", "File_Reading_with_Resource_Safety.csproj", "{DB8DB2AF-1469-4433-988A-194DBF184D6C}"
EndProject
Global
	GlobalSection(SolutionConfigurationPlatforms) = preSolution
		Debug|Any CPU = Debug|Any CPU
		Release|Any CPU = Release|Any CPU
	EndGlobalSection
	GlobalSection(ProjectConfigurationPlatforms) = postSolution
		{DB8DB2AF-1469-4433-988A-194DBF184D6C}.Debug|Any CPU.ActiveCfg = Debug|Any CPU
		{DB8DB2AF-1469-4433-988A-194DBF184D6C}.Debug|Any CPU.Build.0 = Debug|Any CPU
		{DB8DB2AF-1469-4433-988A-194DBF184D6C}.Release|Any CPU.ActiveCfg = Release|Any CPU
		{DB8DB2AF-1469-4433-988A-194DBF184D6C}.Release|Any CPU.Build.0 = Release|Any CPU
	EndGlobalSection
	GlobalSection(SolutionProperties) = preSolution
		HideSolutionNode = FALSE
	EndGlobalSection
	GlobalSection(ExtensibilityGlobals) = postSolution
		SolutionGuid = {7D426BDC-2C43-440A-94F1-147A1C72DA28}
	EndGlobalSection
EndGlobal
